// !$*UTF8*$!
{
	archiveVersion = 1;
	classes = {
	};
	objectVersion = 55;
	objects = {

/* Begin PBXBuildFile section */
		CB03F96B279EE685009110D4 /* HomeViewModel.swift in Sources */ = {isa = PBXBuildFile; fileRef = CB03F96A279EE685009110D4 /* HomeViewModel.swift */; };
		CB03F96E279EE70F009110D4 /* QrCodeService.swift in Sources */ = {isa = PBXBuildFile; fileRef = CB03F96D279EE70F009110D4 /* QrCodeService.swift */; };
		CB03F971279EE73E009110D4 /* User.swift in Sources */ = {isa = PBXBuildFile; fileRef = CB03F970279EE73E009110D4 /* User.swift */; };
		CB03F973279EE751009110D4 /* Card.swift in Sources */ = {isa = PBXBuildFile; fileRef = CB03F972279EE751009110D4 /* Card.swift */; };
		CB03F976279EE7FF009110D4 /* UserGenerator.swift in Sources */ = {isa = PBXBuildFile; fileRef = CB03F975279EE7FE009110D4 /* UserGenerator.swift */; };
		CB03F978279EE80C009110D4 /* AppState.swift in Sources */ = {isa = PBXBuildFile; fileRef = CB03F977279EE80C009110D4 /* AppState.swift */; };
		CB03F97A279EE83C009110D4 /* CardListView.swift in Sources */ = {isa = PBXBuildFile; fileRef = CB03F979279EE83C009110D4 /* CardListView.swift */; };
		CB8AF943279DC0CA00EE27E8 /* FidelApp.swift in Sources */ = {isa = PBXBuildFile; fileRef = CB8AF942279DC0CA00EE27E8 /* FidelApp.swift */; };
		CB8AF945279DC0CA00EE27E8 /* HomeView.swift in Sources */ = {isa = PBXBuildFile; fileRef = CB8AF944279DC0CA00EE27E8 /* HomeView.swift */; };
		CB8AF947279DC0CC00EE27E8 /* Assets.xcassets in Resources */ = {isa = PBXBuildFile; fileRef = CB8AF946279DC0CC00EE27E8 /* Assets.xcassets */; };
		CB8AF94A279DC0CC00EE27E8 /* Preview Assets.xcassets in Resources */ = {isa = PBXBuildFile; fileRef = CB8AF949279DC0CC00EE27E8 /* Preview Assets.xcassets */; };
		CB8AF954279DC0CC00EE27E8 /* FidelTests.swift in Sources */ = {isa = PBXBuildFile; fileRef = CB8AF953279DC0CC00EE27E8 /* FidelTests.swift */; };
		CB8AF95E279DC0CC00EE27E8 /* FidelUITests.swift in Sources */ = {isa = PBXBuildFile; fileRef = CB8AF95D279DC0CC00EE27E8 /* FidelUITests.swift */; };
		CB8AF960279DC0CC00EE27E8 /* FidelUITestsLaunchTests.swift in Sources */ = {isa = PBXBuildFile; fileRef = CB8AF95F279DC0CC00EE27E8 /* FidelUITestsLaunchTests.swift */; };
		CB8AF971279DF10D00EE27E8 /* CardView.swift in Sources */ = {isa = PBXBuildFile; fileRef = CB8AF970279DF10D00EE27E8 /* CardView.swift */; };
/* End PBXBuildFile section */

/* Begin PBXContainerItemProxy section */
		CB8AF950279DC0CC00EE27E8 /* PBXContainerItemProxy */ = {
			isa = PBXContainerItemProxy;
			containerPortal = CB8AF937279DC0CA00EE27E8 /* Project object */;
			proxyType = 1;
			remoteGlobalIDString = CB8AF93E279DC0CA00EE27E8;
			remoteInfo = Fidel;
		};
		CB8AF95A279DC0CC00EE27E8 /* PBXContainerItemProxy */ = {
			isa = PBXContainerItemProxy;
			containerPortal = CB8AF937279DC0CA00EE27E8 /* Project object */;
			proxyType = 1;
			remoteGlobalIDString = CB8AF93E279DC0CA00EE27E8;
			remoteInfo = Fidel;
		};
/* End PBXContainerItemProxy section */

/* Begin PBXFileReference section */
		CB03F96A279EE685009110D4 /* HomeViewModel.swift */ = {isa = PBXFileReference; lastKnownFileType = sourcecode.swift; path = HomeViewModel.swift; sourceTree = "<group>"; };
		CB03F96D279EE70F009110D4 /* QrCodeService.swift */ = {isa = PBXFileReference; lastKnownFileType = sourcecode.swift; path = QrCodeService.swift; sourceTree = "<group>"; };
		CB03F970279EE73E009110D4 /* User.swift */ = {isa = PBXFileReference; lastKnownFileType = sourcecode.swift; path = User.swift; sourceTree = "<group>"; };
		CB03F972279EE751009110D4 /* Card.swift */ = {isa = PBXFileReference; lastKnownFileType = sourcecode.swift; path = Card.swift; sourceTree = "<group>"; };
		CB03F975279EE7FE009110D4 /* UserGenerator.swift */ = {isa = PBXFileReference; lastKnownFileType = sourcecode.swift; path = UserGenerator.swift; sourceTree = "<group>"; };
		CB03F977279EE80C009110D4 /* AppState.swift */ = {isa = PBXFileReference; lastKnownFileType = sourcecode.swift; path = AppState.swift; sourceTree = "<group>"; };
		CB03F979279EE83C009110D4 /* CardListView.swift */ = {isa = PBXFileReference; lastKnownFileType = sourcecode.swift; path = CardListView.swift; sourceTree = "<group>"; };
		CB8AF93F279DC0CA00EE27E8 /* Fidel.app */ = {isa = PBXFileReference; explicitFileType = wrapper.application; includeInIndex = 0; path = Fidel.app; sourceTree = BUILT_PRODUCTS_DIR; };
		CB8AF942279DC0CA00EE27E8 /* FidelApp.swift */ = {isa = PBXFileReference; lastKnownFileType = sourcecode.swift; path = FidelApp.swift; sourceTree = "<group>"; };
		CB8AF944279DC0CA00EE27E8 /* HomeView.swift */ = {isa = PBXFileReference; lastKnownFileType = sourcecode.swift; path = HomeView.swift; sourceTree = "<group>"; };
		CB8AF946279DC0CC00EE27E8 /* Assets.xcassets */ = {isa = PBXFileReference; lastKnownFileType = folder.assetcatalog; path = Assets.xcassets; sourceTree = "<group>"; };
		CB8AF949279DC0CC00EE27E8 /* Preview Assets.xcassets */ = {isa = PBXFileReference; lastKnownFileType = folder.assetcatalog; path = "Preview Assets.xcassets"; sourceTree = "<group>"; };
		CB8AF94F279DC0CC00EE27E8 /* FidelTests.xctest */ = {isa = PBXFileReference; explicitFileType = wrapper.cfbundle; includeInIndex = 0; path = FidelTests.xctest; sourceTree = BUILT_PRODUCTS_DIR; };
		CB8AF953279DC0CC00EE27E8 /* FidelTests.swift */ = {isa = PBXFileReference; lastKnownFileType = sourcecode.swift; path = FidelTests.swift; sourceTree = "<group>"; };
		CB8AF959279DC0CC00EE27E8 /* FidelUITests.xctest */ = {isa = PBXFileReference; explicitFileType = wrapper.cfbundle; includeInIndex = 0; path = FidelUITests.xctest; sourceTree = BUILT_PRODUCTS_DIR; };
		CB8AF95D279DC0CC00EE27E8 /* FidelUITests.swift */ = {isa = PBXFileReference; lastKnownFileType = sourcecode.swift; path = FidelUITests.swift; sourceTree = "<group>"; };
		CB8AF95F279DC0CC00EE27E8 /* FidelUITestsLaunchTests.swift */ = {isa = PBXFileReference; lastKnownFileType = sourcecode.swift; path = FidelUITestsLaunchTests.swift; sourceTree = "<group>"; };
		CB8AF970279DF10D00EE27E8 /* CardView.swift */ = {isa = PBXFileReference; lastKnownFileType = sourcecode.swift; path = CardView.swift; sourceTree = "<group>"; };
/* End PBXFileReference section */

/* Begin PBXFrameworksBuildPhase section */
		CB8AF93C279DC0CA00EE27E8 /* Frameworks */ = {
			isa = PBXFrameworksBuildPhase;
			buildActionMask = 2147483647;
			files = (
			);
			runOnlyForDeploymentPostprocessing = 0;
		};
		CB8AF94C279DC0CC00EE27E8 /* Frameworks */ = {
			isa = PBXFrameworksBuildPhase;
			buildActionMask = 2147483647;
			files = (
			);
			runOnlyForDeploymentPostprocessing = 0;
		};
		CB8AF956279DC0CC00EE27E8 /* Frameworks */ = {
			isa = PBXFrameworksBuildPhase;
			buildActionMask = 2147483647;
			files = (
			);
			runOnlyForDeploymentPostprocessing = 0;
		};
/* End PBXFrameworksBuildPhase section */

/* Begin PBXGroup section */
		CB03F968279EE662009110D4 /* Views */ = {
			isa = PBXGroup;
			children = (
				CB03F97B279EE84D009110D4 /* SharedComponents */,
				CB03F969279EE676009110D4 /* Home */,
			);
			path = Views;
			sourceTree = "<group>";
		};
		CB03F969279EE676009110D4 /* Home */ = {
			isa = PBXGroup;
			children = (
				CB8AF944279DC0CA00EE27E8 /* HomeView.swift */,
				CB03F96A279EE685009110D4 /* HomeViewModel.swift */,
				CB8AF970279DF10D00EE27E8 /* CardView.swift */,
				CB03F979279EE83C009110D4 /* CardListView.swift */,
			);
			path = Home;
			sourceTree = "<group>";
		};
		CB03F96C279EE6F8009110D4 /* Services */ = {
			isa = PBXGroup;
			children = (
				CB03F96D279EE70F009110D4 /* QrCodeService.swift */,
			);
			path = Services;
			sourceTree = "<group>";
		};
		CB03F96F279EE733009110D4 /* Models */ = {
			isa = PBXGroup;
			children = (
				CB03F970279EE73E009110D4 /* User.swift */,
				CB03F972279EE751009110D4 /* Card.swift */,
			);
			path = Models;
			sourceTree = "<group>";
		};
		CB03F974279EE7BD009110D4 /* Helpers */ = {
			isa = PBXGroup;
			children = (
				CB03F975279EE7FE009110D4 /* UserGenerator.swift */,
			);
			path = Helpers;
			sourceTree = "<group>";
		};
		CB03F97B279EE84D009110D4 /* SharedComponents */ = {
			isa = PBXGroup;
			children = (
			);
			path = SharedComponents;
			sourceTree = "<group>";
		};
		CB8AF936279DC0CA00EE27E8 = {
			isa = PBXGroup;
			children = (
				CB8AF941279DC0CA00EE27E8 /* Fidel */,
				CB8AF952279DC0CC00EE27E8 /* FidelTests */,
				CB8AF95C279DC0CC00EE27E8 /* FidelUITests */,
				CB8AF940279DC0CA00EE27E8 /* Products */,
			);
			sourceTree = "<group>";
		};
		CB8AF940279DC0CA00EE27E8 /* Products */ = {
			isa = PBXGroup;
			children = (
				CB8AF93F279DC0CA00EE27E8 /* Fidel.app */,
				CB8AF94F279DC0CC00EE27E8 /* FidelTests.xctest */,
				CB8AF959279DC0CC00EE27E8 /* FidelUITests.xctest */,
			);
			name = Products;
			sourceTree = "<group>";
		};
		CB8AF941279DC0CA00EE27E8 /* Fidel */ = {
			isa = PBXGroup;
			children = (
				CB03F977279EE80C009110D4 /* AppState.swift */,
				CB8AF942279DC0CA00EE27E8 /* FidelApp.swift */,
				CB03F974279EE7BD009110D4 /* Helpers */,
				CB03F96F279EE733009110D4 /* Models */,
				CB03F96C279EE6F8009110D4 /* Services */,
				CB03F968279EE662009110D4 /* Views */,
				CB8AF946279DC0CC00EE27E8 /* Assets.xcassets */,
				CB8AF948279DC0CC00EE27E8 /* Preview Content */,
			);
			path = Fidel;
			sourceTree = "<group>";
		};
		CB8AF948279DC0CC00EE27E8 /* Preview Content */ = {
			isa = PBXGroup;
			children = (
				CB8AF949279DC0CC00EE27E8 /* Preview Assets.xcassets */,
			);
			path = "Preview Content";
			sourceTree = "<group>";
		};
		CB8AF952279DC0CC00EE27E8 /* FidelTests */ = {
			isa = PBXGroup;
			children = (
				CB8AF953279DC0CC00EE27E8 /* FidelTests.swift */,
			);
			path = FidelTests;
			sourceTree = "<group>";
		};
		CB8AF95C279DC0CC00EE27E8 /* FidelUITests */ = {
			isa = PBXGroup;
			children = (
				CB8AF95D279DC0CC00EE27E8 /* FidelUITests.swift */,
				CB8AF95F279DC0CC00EE27E8 /* FidelUITestsLaunchTests.swift */,
			);
			path = FidelUITests;
			sourceTree = "<group>";
		};
/* End PBXGroup section */

/* Begin PBXNativeTarget section */
		CB8AF93E279DC0CA00EE27E8 /* Fidel */ = {
			isa = PBXNativeTarget;
			buildConfigurationList = CB8AF963279DC0CC00EE27E8 /* Build configuration list for PBXNativeTarget "Fidel" */;
			buildPhases = (
				CB8AF93B279DC0CA00EE27E8 /* Sources */,
				CB8AF93C279DC0CA00EE27E8 /* Frameworks */,
				CB8AF93D279DC0CA00EE27E8 /* Resources */,
			);
			buildRules = (
			);
			dependencies = (
			);
			name = Fidel;
			productName = Fidel;
			productReference = CB8AF93F279DC0CA00EE27E8 /* Fidel.app */;
			productType = "com.apple.product-type.application";
		};
		CB8AF94E279DC0CC00EE27E8 /* FidelTests */ = {
			isa = PBXNativeTarget;
			buildConfigurationList = CB8AF966279DC0CC00EE27E8 /* Build configuration list for PBXNativeTarget "FidelTests" */;
			buildPhases = (
				CB8AF94B279DC0CC00EE27E8 /* Sources */,
				CB8AF94C279DC0CC00EE27E8 /* Frameworks */,
				CB8AF94D279DC0CC00EE27E8 /* Resources */,
			);
			buildRules = (
			);
			dependencies = (
				CB8AF951279DC0CC00EE27E8 /* PBXTargetDependency */,
			);
			name = FidelTests;
			productName = FidelTests;
			productReference = CB8AF94F279DC0CC00EE27E8 /* FidelTests.xctest */;
			productType = "com.apple.product-type.bundle.unit-test";
		};
		CB8AF958279DC0CC00EE27E8 /* FidelUITests */ = {
			isa = PBXNativeTarget;
			buildConfigurationList = CB8AF969279DC0CC00EE27E8 /* Build configuration list for PBXNativeTarget "FidelUITests" */;
			buildPhases = (
				CB8AF955279DC0CC00EE27E8 /* Sources */,
				CB8AF956279DC0CC00EE27E8 /* Frameworks */,
				CB8AF957279DC0CC00EE27E8 /* Resources */,
			);
			buildRules = (
			);
			dependencies = (
				CB8AF95B279DC0CC00EE27E8 /* PBXTargetDependency */,
			);
			name = FidelUITests;
			productName = FidelUITests;
			productReference = CB8AF959279DC0CC00EE27E8 /* FidelUITests.xctest */;
			productType = "com.apple.product-type.bundle.ui-testing";
		};
/* End PBXNativeTarget section */

/* Begin PBXProject section */
		CB8AF937279DC0CA00EE27E8 /* Project object */ = {
			isa = PBXProject;
			attributes = {
				BuildIndependentTargetsInParallel = 1;
				LastSwiftUpdateCheck = 1320;
				LastUpgradeCheck = 1320;
				TargetAttributes = {
					CB8AF93E279DC0CA00EE27E8 = {
						CreatedOnToolsVersion = 13.2.1;
					};
					CB8AF94E279DC0CC00EE27E8 = {
						CreatedOnToolsVersion = 13.2.1;
						TestTargetID = CB8AF93E279DC0CA00EE27E8;
					};
					CB8AF958279DC0CC00EE27E8 = {
						CreatedOnToolsVersion = 13.2.1;
						TestTargetID = CB8AF93E279DC0CA00EE27E8;
					};
				};
			};
			buildConfigurationList = CB8AF93A279DC0CA00EE27E8 /* Build configuration list for PBXProject "Fidel" */;
			compatibilityVersion = "Xcode 13.0";
			developmentRegion = en;
			hasScannedForEncodings = 0;
			knownRegions = (
				en,
				Base,
			);
			mainGroup = CB8AF936279DC0CA00EE27E8;
			productRefGroup = CB8AF940279DC0CA00EE27E8 /* Products */;
			projectDirPath = "";
			projectRoot = "";
			targets = (
				CB8AF93E279DC0CA00EE27E8 /* Fidel */,
				CB8AF94E279DC0CC00EE27E8 /* FidelTests */,
				CB8AF958279DC0CC00EE27E8 /* FidelUITests */,
			);
		};
/* End PBXProject section */

/* Begin PBXResourcesBuildPhase section */
		CB8AF93D279DC0CA00EE27E8 /* Resources */ = {
			isa = PBXResourcesBuildPhase;
			buildActionMask = 2147483647;
			files = (
				CB8AF94A279DC0CC00EE27E8 /* Preview Assets.xcassets in Resources */,
				CB8AF947279DC0CC00EE27E8 /* Assets.xcassets in Resources */,
			);
			runOnlyForDeploymentPostprocessing = 0;
		};
		CB8AF94D279DC0CC00EE27E8 /* Resources */ = {
			isa = PBXResourcesBuildPhase;
			buildActionMask = 2147483647;
			files = (
			);
			runOnlyForDeploymentPostprocessing = 0;
		};
		CB8AF957279DC0CC00EE27E8 /* Resources */ = {
			isa = PBXResourcesBuildPhase;
			buildActionMask = 2147483647;
			files = (
			);
			runOnlyForDeploymentPostprocessing = 0;
		};
/* End PBXResourcesBuildPhase section */

/* Begin PBXSourcesBuildPhase section */
		CB8AF93B279DC0CA00EE27E8 /* Sources */ = {
			isa = PBXSourcesBuildPhase;
			buildActionMask = 2147483647;
			files = (
				CB8AF945279DC0CA00EE27E8 /* HomeView.swift in Sources */,
				CB8AF971279DF10D00EE27E8 /* CardView.swift in Sources */,
				CB03F97A279EE83C009110D4 /* CardListView.swift in Sources */,
				CB03F973279EE751009110D4 /* Card.swift in Sources */,
				CB03F978279EE80C009110D4 /* AppState.swift in Sources */,
				CB03F971279EE73E009110D4 /* User.swift in Sources */,
				CB03F976279EE7FF009110D4 /* UserGenerator.swift in Sources */,
				CB8AF943279DC0CA00EE27E8 /* FidelApp.swift in Sources */,
				CB03F96B279EE685009110D4 /* HomeViewModel.swift in Sources */,
				CB03F96E279EE70F009110D4 /* QrCodeService.swift in Sources */,
			);
			runOnlyForDeploymentPostprocessing = 0;
		};
		CB8AF94B279DC0CC00EE27E8 /* Sources */ = {
			isa = PBXSourcesBuildPhase;
			buildActionMask = 2147483647;
			files = (
				CB8AF954279DC0CC00EE27E8 /* FidelTests.swift in Sources */,
			);
			runOnlyForDeploymentPostprocessing = 0;
		};
		CB8AF955279DC0CC00EE27E8 /* Sources */ = {
			isa = PBXSourcesBuildPhase;
			buildActionMask = 2147483647;
			files = (
				CB8AF95E279DC0CC00EE27E8 /* FidelUITests.swift in Sources */,
				CB8AF960279DC0CC00EE27E8 /* FidelUITestsLaunchTests.swift in Sources */,
			);
			runOnlyForDeploymentPostprocessing = 0;
		};
/* End PBXSourcesBuildPhase section */

/* Begin PBXTargetDependency section */
		CB8AF951279DC0CC00EE27E8 /* PBXTargetDependency */ = {
			isa = PBXTargetDependency;
			target = CB8AF93E279DC0CA00EE27E8 /* Fidel */;
			targetProxy = CB8AF950279DC0CC00EE27E8 /* PBXContainerItemProxy */;
		};
		CB8AF95B279DC0CC00EE27E8 /* PBXTargetDependency */ = {
			isa = PBXTargetDependency;
			target = CB8AF93E279DC0CA00EE27E8 /* Fidel */;
			targetProxy = CB8AF95A279DC0CC00EE27E8 /* PBXContainerItemProxy */;
		};
/* End PBXTargetDependency section */

/* Begin XCBuildConfiguration section */
		CB8AF961279DC0CC00EE27E8 /* Debug */ = {
			isa = XCBuildConfiguration;
			buildSettings = {
				ALWAYS_SEARCH_USER_PATHS = NO;
				CLANG_ANALYZER_NONNULL = YES;
				CLANG_ANALYZER_NUMBER_OBJECT_CONVERSION = YES_AGGRESSIVE;
				CLANG_CXX_LANGUAGE_STANDARD = "gnu++17";
				CLANG_CXX_LIBRARY = "libc++";
				CLANG_ENABLE_MODULES = YES;
				CLANG_ENABLE_OBJC_ARC = YES;
				CLANG_ENABLE_OBJC_WEAK = YES;
				CLANG_WARN_BLOCK_CAPTURE_AUTORELEASING = YES;
				CLANG_WARN_BOOL_CONVERSION = YES;
				CLANG_WARN_COMMA = YES;
				CLANG_WARN_CONSTANT_CONVERSION = YES;
				CLANG_WARN_DEPRECATED_OBJC_IMPLEMENTATIONS = YES;
				CLANG_WARN_DIRECT_OBJC_ISA_USAGE = YES_ERROR;
				CLANG_WARN_DOCUMENTATION_COMMENTS = YES;
				CLANG_WARN_EMPTY_BODY = YES;
				CLANG_WARN_ENUM_CONVERSION = YES;
				CLANG_WARN_INFINITE_RECURSION = YES;
				CLANG_WARN_INT_CONVERSION = YES;
				CLANG_WARN_NON_LITERAL_NULL_CONVERSION = YES;
				CLANG_WARN_OBJC_IMPLICIT_RETAIN_SELF = YES;
				CLANG_WARN_OBJC_LITERAL_CONVERSION = YES;
				CLANG_WARN_OBJC_ROOT_CLASS = YES_ERROR;
				CLANG_WARN_QUOTED_INCLUDE_IN_FRAMEWORK_HEADER = YES;
				CLANG_WARN_RANGE_LOOP_ANALYSIS = YES;
				CLANG_WARN_STRICT_PROTOTYPES = YES;
				CLANG_WARN_SUSPICIOUS_MOVE = YES;
				CLANG_WARN_UNGUARDED_AVAILABILITY = YES_AGGRESSIVE;
				CLANG_WARN_UNREACHABLE_CODE = YES;
				CLANG_WARN__DUPLICATE_METHOD_MATCH = YES;
				COPY_PHASE_STRIP = NO;
				DEBUG_INFORMATION_FORMAT = dwarf;
				ENABLE_STRICT_OBJC_MSGSEND = YES;
				ENABLE_TESTABILITY = YES;
				GCC_C_LANGUAGE_STANDARD = gnu11;
				GCC_DYNAMIC_NO_PIC = NO;
				GCC_NO_COMMON_BLOCKS = YES;
				GCC_OPTIMIZATION_LEVEL = 0;
				GCC_PREPROCESSOR_DEFINITIONS = (
					"DEBUG=1",
					"$(inherited)",
				);
				GCC_WARN_64_TO_32_BIT_CONVERSION = YES;
				GCC_WARN_ABOUT_RETURN_TYPE = YES_ERROR;
				GCC_WARN_UNDECLARED_SELECTOR = YES;
				GCC_WARN_UNINITIALIZED_AUTOS = YES_AGGRESSIVE;
				GCC_WARN_UNUSED_FUNCTION = YES;
				GCC_WARN_UNUSED_VARIABLE = YES;
				IPHONEOS_DEPLOYMENT_TARGET = 15.2;
				MTL_ENABLE_DEBUG_INFO = INCLUDE_SOURCE;
				MTL_FAST_MATH = YES;
				ONLY_ACTIVE_ARCH = YES;
				SDKROOT = iphoneos;
				SWIFT_ACTIVE_COMPILATION_CONDITIONS = DEBUG;
				SWIFT_OPTIMIZATION_LEVEL = "-Onone";
			};
			name = Debug;
		};
		CB8AF962279DC0CC00EE27E8 /* Release */ = {
			isa = XCBuildConfiguration;
			buildSettings = {
				ALWAYS_SEARCH_USER_PATHS = NO;
				CLANG_ANALYZER_NONNULL = YES;
				CLANG_ANALYZER_NUMBER_OBJECT_CONVERSION = YES_AGGRESSIVE;
				CLANG_CXX_LANGUAGE_STANDARD = "gnu++17";
				CLANG_CXX_LIBRARY = "libc++";
				CLANG_ENABLE_MODULES = YES;
				CLANG_ENABLE_OBJC_ARC = YES;
				CLANG_ENABLE_OBJC_WEAK = YES;
				CLANG_WARN_BLOCK_CAPTURE_AUTORELEASING = YES;
				CLANG_WARN_BOOL_CONVERSION = YES;
				CLANG_WARN_COMMA = YES;
				CLANG_WARN_CONSTANT_CONVERSION = YES;
				CLANG_WARN_DEPRECATED_OBJC_IMPLEMENTATIONS = YES;
				CLANG_WARN_DIRECT_OBJC_ISA_USAGE = YES_ERROR;
				CLANG_WARN_DOCUMENTATION_COMMENTS = YES;
				CLANG_WARN_EMPTY_BODY = YES;
				CLANG_WARN_ENUM_CONVERSION = YES;
				CLANG_WARN_INFINITE_RECURSION = YES;
				CLANG_WARN_INT_CONVERSION = YES;
				CLANG_WARN_NON_LITERAL_NULL_CONVERSION = YES;
				CLANG_WARN_OBJC_IMPLICIT_RETAIN_SELF = YES;
				CLANG_WARN_OBJC_LITERAL_CONVERSION = YES;
				CLANG_WARN_OBJC_ROOT_CLASS = YES_ERROR;
				CLANG_WARN_QUOTED_INCLUDE_IN_FRAMEWORK_HEADER = YES;
				CLANG_WARN_RANGE_LOOP_ANALYSIS = YES;
				CLANG_WARN_STRICT_PROTOTYPES = YES;
				CLANG_WARN_SUSPICIOUS_MOVE = YES;
				CLANG_WARN_UNGUARDED_AVAILABILITY = YES_AGGRESSIVE;
				CLANG_WARN_UNREACHABLE_CODE = YES;
				CLANG_WARN__DUPLICATE_METHOD_MATCH = YES;
				COPY_PHASE_STRIP = NO;
				DEBUG_INFORMATION_FORMAT = "dwarf-with-dsym";
				ENABLE_NS_ASSERTIONS = NO;
				ENABLE_STRICT_OBJC_MSGSEND = YES;
				GCC_C_LANGUAGE_STANDARD = gnu11;
				GCC_NO_COMMON_BLOCKS = YES;
				GCC_WARN_64_TO_32_BIT_CONVERSION = YES;
				GCC_WARN_ABOUT_RETURN_TYPE = YES_ERROR;
				GCC_WARN_UNDECLARED_SELECTOR = YES;
				GCC_WARN_UNINITIALIZED_AUTOS = YES_AGGRESSIVE;
				GCC_WARN_UNUSED_FUNCTION = YES;
				GCC_WARN_UNUSED_VARIABLE = YES;
				IPHONEOS_DEPLOYMENT_TARGET = 15.2;
				MTL_ENABLE_DEBUG_INFO = NO;
				MTL_FAST_MATH = YES;
				SDKROOT = iphoneos;
				SWIFT_COMPILATION_MODE = wholemodule;
				SWIFT_OPTIMIZATION_LEVEL = "-O";
				VALIDATE_PRODUCT = YES;
			};
			name = Release;
		};
		CB8AF964279DC0CC00EE27E8 /* Debug */ = {
			isa = XCBuildConfiguration;
			buildSettings = {
				ASSETCATALOG_COMPILER_APPICON_NAME = AppIcon;
				ASSETCATALOG_COMPILER_GLOBAL_ACCENT_COLOR_NAME = AccentColor;
				CODE_SIGN_STYLE = Automatic;
				CURRENT_PROJECT_VERSION = 1;
				DEVELOPMENT_ASSET_PATHS = "\"Fidel/Preview Content\"";
				DEVELOPMENT_TEAM = K8M973GY56;
				ENABLE_PREVIEWS = YES;
				GENERATE_INFOPLIST_FILE = YES;
				INFOPLIST_KEY_UIApplicationSceneManifest_Generation = YES;
				INFOPLIST_KEY_UIApplicationSupportsIndirectInputEvents = YES;
				INFOPLIST_KEY_UILaunchScreen_Generation = YES;
				INFOPLIST_KEY_UISupportedInterfaceOrientations_iPad = "UIInterfaceOrientationPortrait UIInterfaceOrientationPortraitUpsideDown UIInterfaceOrientationLandscapeLeft UIInterfaceOrientationLandscapeRight";
				INFOPLIST_KEY_UISupportedInterfaceOrientations_iPhone = "UIInterfaceOrientationPortrait UIInterfaceOrientationLandscapeLeft UIInterfaceOrientationLandscapeRight";
				LD_RUNPATH_SEARCH_PATHS = (
					"$(inherited)",
					"@executable_path/Frameworks",
				);
				MARKETING_VERSION = 1.0;
				PRODUCT_BUNDLE_IDENTIFIER = "com.merouane-bellaha.Fidel";
				PRODUCT_NAME = "$(TARGET_NAME)";
				SWIFT_EMIT_LOC_STRINGS = YES;
				SWIFT_VERSION = 5.0;
				TARGETED_DEVICE_FAMILY = "1,2";
			};
			name = Debug;
		};
		CB8AF965279DC0CC00EE27E8 /* Release */ = {
			isa = XCBuildConfiguration;
			buildSettings = {
				ASSETCATALOG_COMPILER_APPICON_NAME = AppIcon;
				ASSETCATALOG_COMPILER_GLOBAL_ACCENT_COLOR_NAME = AccentColor;
				CODE_SIGN_STYLE = Automatic;
				CURRENT_PROJECT_VERSION = 1;
				DEVELOPMENT_ASSET_PATHS = "\"Fidel/Preview Content\"";
				DEVELOPMENT_TEAM = K8M973GY56;
				ENABLE_PREVIEWS = YES;
				GENERATE_INFOPLIST_FILE = YES;
				INFOPLIST_KEY_UIApplicationSceneManifest_Generation = YES;
				INFOPLIST_KEY_UIApplicationSupportsIndirectInputEvents = YES;
				INFOPLIST_KEY_UILaunchScreen_Generation = YES;
				INFOPLIST_KEY_UISupportedInterfaceOrientations_iPad = "UIInterfaceOrientationPortrait UIInterfaceOrientationPortraitUpsideDown UIInterfaceOrientationLandscapeLeft UIInterfaceOrientationLandscapeRight";
				INFOPLIST_KEY_UISupportedInterfaceOrientations_iPhone = "UIInterfaceOrientationPortrait UIInterfaceOrientationLandscapeLeft UIInterfaceOrientationLandscapeRight";
				LD_RUNPATH_SEARCH_PATHS = (
					"$(inherited)",
					"@executable_path/Frameworks",
				);
				MARKETING_VERSION = 1.0;
				PRODUCT_BUNDLE_IDENTIFIER = "com.merouane-bellaha.Fidel";
				PRODUCT_NAME = "$(TARGET_NAME)";
				SWIFT_EMIT_LOC_STRINGS = YES;
				SWIFT_VERSION = 5.0;
				TARGETED_DEVICE_FAMILY = "1,2";
			};
			name = Release;
		};
		CB8AF967279DC0CC00EE27E8 /* Debug */ = {
			isa = XCBuildConfiguration;
			buildSettings = {
				ALWAYS_EMBED_SWIFT_STANDARD_LIBRARIES = YES;
				BUNDLE_LOADER = "$(TEST_HOST)";
				CODE_SIGN_STYLE = Automatic;
				CURRENT_PROJECT_VERSION = 1;
				DEVELOPMENT_TEAM = K8M973GY56;
				GENERATE_INFOPLIST_FILE = YES;
				IPHONEOS_DEPLOYMENT_TARGET = 15.2;
				MARKETING_VERSION = 1.0;
				PRODUCT_BUNDLE_IDENTIFIER = "com.merouane-bellaha.FidelTests";
				PRODUCT_NAME = "$(TARGET_NAME)";
				SWIFT_EMIT_LOC_STRINGS = NO;
				SWIFT_VERSION = 5.0;
				TARGETED_DEVICE_FAMILY = "1,2";
				TEST_HOST = "$(BUILT_PRODUCTS_DIR)/Fidel.app/Fidel";
			};
			name = Debug;
		};
		CB8AF968279DC0CC00EE27E8 /* Release */ = {
			isa = XCBuildConfiguration;
			buildSettings = {
				ALWAYS_EMBED_SWIFT_STANDARD_LIBRARIES = YES;
				BUNDLE_LOADER = "$(TEST_HOST)";
				CODE_SIGN_STYLE = Automatic;
				CURRENT_PROJECT_VERSION = 1;
				DEVELOPMENT_TEAM = K8M973GY56;
				GENERATE_INFOPLIST_FILE = YES;
				IPHONEOS_DEPLOYMENT_TARGET = 15.2;
				MARKETING_VERSION = 1.0;
				PRODUCT_BUNDLE_IDENTIFIER = "com.merouane-bellaha.FidelTests";
				PRODUCT_NAME = "$(TARGET_NAME)";
				SWIFT_EMIT_LOC_STRINGS = NO;
				SWIFT_VERSION = 5.0;
				TARGETED_DEVICE_FAMILY = "1,2";
				TEST_HOST = "$(BUILT_PRODUCTS_DIR)/Fidel.app/Fidel";
			};
			name = Release;
		};
		CB8AF96A279DC0CC00EE27E8 /* Debug */ = {
			isa = XCBuildConfiguration;
			buildSettings = {
				ALWAYS_EMBED_SWIFT_STANDARD_LIBRARIES = YES;
				CODE_SIGN_STYLE = Automatic;
				CURRENT_PROJECT_VERSION = 1;
				DEVELOPMENT_TEAM = K8M973GY56;
				GENERATE_INFOPLIST_FILE = YES;
				MARKETING_VERSION = 1.0;
				PRODUCT_BUNDLE_IDENTIFIER = "com.merouane-bellaha.FidelUITests";
				PRODUCT_NAME = "$(TARGET_NAME)";
				SWIFT_EMIT_LOC_STRINGS = NO;
				SWIFT_VERSION = 5.0;
				TARGETED_DEVICE_FAMILY = "1,2";
				TEST_TARGET_NAME = Fidel;
			};
			name = Debug;
		};
		CB8AF96B279DC0CC00EE27E8 /* Release */ = {
			isa = XCBuildConfiguration;
			buildSettings = {
				ALWAYS_EMBED_SWIFT_STANDARD_LIBRARIES = YES;
				CODE_SIGN_STYLE = Automatic;
				CURRENT_PROJECT_VERSION = 1;
				DEVELOPMENT_TEAM = K8M973GY56;
				GENERATE_INFOPLIST_FILE = YES;
				MARKETING_VERSION = 1.0;
				PRODUCT_BUNDLE_IDENTIFIER = "com.merouane-bellaha.FidelUITests";
				PRODUCT_NAME = "$(TARGET_NAME)";
				SWIFT_EMIT_LOC_STRINGS = NO;
				SWIFT_VERSION = 5.0;
				TARGETED_DEVICE_FAMILY = "1,2";
				TEST_TARGET_NAME = Fidel;
			};
			name = Release;
		};
/* End XCBuildConfiguration section */

/* Begin XCConfigurationList section */
		CB8AF93A279DC0CA00EE27E8 /* Build configuration list for PBXProject "Fidel" */ = {
			isa = XCConfigurationList;
			buildConfigurations = (
				CB8AF961279DC0CC00EE27E8 /* Debug */,
				CB8AF962279DC0CC00EE27E8 /* Release */,
			);
			defaultConfigurationIsVisible = 0;
			defaultConfigurationName = Release;
		};
		CB8AF963279DC0CC00EE27E8 /* Build configuration list for PBXNativeTarget "Fidel" */ = {
			isa = XCConfigurationList;
			buildConfigurations = (
				CB8AF964279DC0CC00EE27E8 /* Debug */,
				CB8AF965279DC0CC00EE27E8 /* Release */,
			);
			defaultConfigurationIsVisible = 0;
			defaultConfigurationName = Release;
		};
		CB8AF966279DC0CC00EE27E8 /* Build configuration list for PBXNativeTarget "FidelTests" */ = {
			isa = XCConfigurationList;
			buildConfigurations = (
				CB8AF967279DC0CC00EE27E8 /* Debug */,
				CB8AF968279DC0CC00EE27E8 /* Release */,
			);
			defaultConfigurationIsVisible = 0;
			defaultConfigurationName = Release;
		};
		CB8AF969279DC0CC00EE27E8 /* Build configuration list for PBXNativeTarget "FidelUITests" */ = {
			isa = XCConfigurationList;
			buildConfigurations = (
				CB8AF96A279DC0CC00EE27E8 /* Debug */,
				CB8AF96B279DC0CC00EE27E8 /* Release */,
			);
			defaultConfigurationIsVisible = 0;
			defaultConfigurationName = Release;
		};
/* End XCConfigurationList section */
	};
	rootObject = CB8AF937279DC0CA00EE27E8 /* Project object */;
}
